
Microsoft Visual Studio Solution File, Format Version 12.00
# Visual Studio Version 17
VisualStudioVersion = 17.13.35931.197
MinimumVisualStudioVersion = 10.0.40219.1
Project("{2150E333-8FDC-42A3-9474-1A3956D46DE8}") = "ApiGateways", "ApiGateways", "{02EA681E-C7D8-13C7-8484-4AC65E1B71E8}"
EndProject
Project("{FAE04EC0-301F-11D3-BF4B-00C04F79EFBC}") = "GLORIA.YarpApiGatewayDesktop", "ApiGateways\YarpApiGatewayDesktop\GLORIA.YarpApiGatewayDesktop.csproj", "{07666797-710B-3A02-7A59-82D300DE40E7}"
EndProject
Project("{2150E333-8FDC-42A3-9474-1A3956D46DE8}") = "BuildingBlocks", "BuildingBlocks", "{7D72F2FD-499F-49E1-A90A-B33881D4FAE6}"
EndProject
Project("{FAE04EC0-301F-11D3-BF4B-00C04F79EFBC}") = "GLORIA.BuildingBlocks", "BuildingBlocks\BuildingBlocks\GLORIA.BuildingBlocks.csproj", "{6E7E435F-1589-DC76-9E72-AAA8CDEA1B17}"
EndProject
Project("{2150E333-8FDC-42A3-9474-1A3956D46DE8}") = "Contracts", "Contracts", "{FFDBC321-4B85-4581-B353-78367C1EE7E2}"
EndProject
Project("{FAE04EC0-301F-11D3-BF4B-00C04F79EFBC}") = "GLORIA.Contracts", "Contracts\Contracts\GLORIA.Contracts.csproj", "{67706C9A-45CC-5198-CBFB-71422F1E020F}"
EndProject
Project("{2150E333-8FDC-42A3-9474-1A3956D46DE8}") = "Services", "Services", "{C6CB9E0E-6319-412C-8FF7-BE8AE286E4C1}"
EndProject
Project("{2150E333-8FDC-42A3-9474-1A3956D46DE8}") = "Advert", "Advert", "{1A3F44AE-B957-46DD-82B7-05B5682F1B8E}"
EndProject
Project("{FAE04EC0-301F-11D3-BF4B-00C04F79EFBC}") = "GLORIA.Advert.API", "Services\Advert\Advert.API\GLORIA.Advert.API.csproj", "{EB009832-62BA-A2C4-70C3-76D558ECEA67}"
EndProject
Project("{2150E333-8FDC-42A3-9474-1A3956D46DE8}") = "Catalog", "Catalog", "{DBCB5F93-56F8-482A-A782-FEC89459E1E1}"
EndProject
Project("{FAE04EC0-301F-11D3-BF4B-00C04F79EFBC}") = "GLORIA.Catalog.API", "Services\Catalog\Catalog.API\GLORIA.Catalog.API.csproj", "{33FC5A32-CDDC-EE43-9CA6-483EA2BFBE99}"
EndProject
Project("{2150E333-8FDC-42A3-9474-1A3956D46DE8}") = "DocumentMetadata", "DocumentMetadata", "{66CA4931-9640-4570-AADE-8FFEDDEC1D78}"
EndProject
Project("{FAE04EC0-301F-11D3-BF4B-00C04F79EFBC}") = "GLORIA.DocumentMetadata.API", "Services\DocumentMetadata\DocumentMetadata.API\GLORIA.DocumentMetadata.API.csproj", "{D342A2D7-D26C-ADEA-B0D0-FBE9C5A0FE83}"
EndProject
Project("{2150E333-8FDC-42A3-9474-1A3956D46DE8}") = "DocumentStorage", "DocumentStorage", "{A45CABD7-54C5-4603-9CA7-880E432619D4}"
EndProject
Project("{FAE04EC0-301F-11D3-BF4B-00C04F79EFBC}") = "GLORIA.DocumentStorage.API", "Services\DocumentStorage\DocumentStorage.API\GLORIA.DocumentStorage.API.csproj", "{AC76C426-6E6A-5B94-5231-19BFD5DEB127}"
EndProject
Project("{2150E333-8FDC-42A3-9474-1A3956D46DE8}") = "IdentityProvider", "IdentityProvider", "{CF90DCF7-7821-45D0-8B46-9986B060596E}"
EndProject
Project("{FAE04EC0-301F-11D3-BF4B-00C04F79EFBC}") = "GLORIA.IdentityProvider.API", "Services\IdentityProvider\IdentityProvider.API\GLORIA.IdentityProvider.API.csproj", "{759C4B3F-A0EC-3B2E-D4EC-05A9340858DF}"
EndProject
Project("{2150E333-8FDC-42A3-9474-1A3956D46DE8}") = "Notification", "Notification", "{93910DAE-9B73-43FF-AF79-A0D3BD0537FD}"
EndProject
Project("{FAE04EC0-301F-11D3-BF4B-00C04F79EFBC}") = "GLORIA.Notification.API", "Services\Notification\Notification.API\GLORIA.Notification.API.csproj", "{68AEF5E0-DC9B-26A7-DC12-F27EF18E0373}"
EndProject
Project("{2150E333-8FDC-42A3-9474-1A3956D46DE8}") = "Subscription", "Subscription", "{47F36451-D51D-4440-BA8F-23AD21325CA3}"
EndProject
Project("{FAE04EC0-301F-11D3-BF4B-00C04F79EFBC}") = "GLORIA.Subscription.API", "Services\Subscription\Subscription.API\GLORIA.Subscription.API.csproj", "{5149A009-D22C-6BCD-0058-2A0814469438}"
EndProject
Project("{E53339B2-1760-4266-BCC7-CA923CBCF16C}") = "docker-compose", "docker-compose.dcproj", "{81DDED9D-158B-E303-5F62-77A2896D2A5A}"
EndProject
Global
	GlobalSection(SolutionConfigurationPlatforms) = preSolution
		Debug|Any CPU = Debug|Any CPU
		Release|Any CPU = Release|Any CPU
	EndGlobalSection
	GlobalSection(ProjectConfigurationPlatforms) = postSolution
		{07666797-710B-3A02-7A59-82D300DE40E7}.Debug|Any CPU.ActiveCfg = Debug|Any CPU
		{07666797-710B-3A02-7A59-82D300DE40E7}.Debug|Any CPU.Build.0 = Debug|Any CPU
		{07666797-710B-3A02-7A59-82D300DE40E7}.Release|Any CPU.ActiveCfg = Release|Any CPU
		{07666797-710B-3A02-7A59-82D300DE40E7}.Release|Any CPU.Build.0 = Release|Any CPU
		{6E7E435F-1589-DC76-9E72-AAA8CDEA1B17}.Debug|Any CPU.ActiveCfg = Debug|Any CPU
		{6E7E435F-1589-DC76-9E72-AAA8CDEA1B17}.Debug|Any CPU.Build.0 = Debug|Any CPU
		{6E7E435F-1589-DC76-9E72-AAA8CDEA1B17}.Release|Any CPU.ActiveCfg = Release|Any CPU
		{6E7E435F-1589-DC76-9E72-AAA8CDEA1B17}.Release|Any CPU.Build.0 = Release|Any CPU
		{67706C9A-45CC-5198-CBFB-71422F1E020F}.Debug|Any CPU.ActiveCfg = Debug|Any CPU
		{67706C9A-45CC-5198-CBFB-71422F1E020F}.Debug|Any CPU.Build.0 = Debug|Any CPU
		{67706C9A-45CC-5198-CBFB-71422F1E020F}.Release|Any CPU.ActiveCfg = Release|Any CPU
		{67706C9A-45CC-5198-CBFB-71422F1E020F}.Release|Any CPU.Build.0 = Release|Any CPU
		{EB009832-62BA-A2C4-70C3-76D558ECEA67}.Debug|Any CPU.ActiveCfg = Debug|Any CPU
		{EB009832-62BA-A2C4-70C3-76D558ECEA67}.Debug|Any CPU.Build.0 = Debug|Any CPU
		{EB009832-62BA-A2C4-70C3-76D558ECEA67}.Release|Any CPU.ActiveCfg = Release|Any CPU
		{EB009832-62BA-A2C4-70C3-76D558ECEA67}.Release|Any CPU.Build.0 = Release|Any CPU
		{33FC5A32-CDDC-EE43-9CA6-483EA2BFBE99}.Debug|Any CPU.ActiveCfg = Debug|Any CPU
		{33FC5A32-CDDC-EE43-9CA6-483EA2BFBE99}.Debug|Any CPU.Build.0 = Debug|Any CPU
		{33FC5A32-CDDC-EE43-9CA6-483EA2BFBE99}.Release|Any CPU.ActiveCfg = Release|Any CPU
		{33FC5A32-CDDC-EE43-9CA6-483EA2BFBE99}.Release|Any CPU.Build.0 = Release|Any CPU
		{D342A2D7-D26C-ADEA-B0D0-FBE9C5A0FE83}.Debug|Any CPU.ActiveCfg = Debug|Any CPU
		{D342A2D7-D26C-ADEA-B0D0-FBE9C5A0FE83}.Debug|Any CPU.Build.0 = Debug|Any CPU
		{D342A2D7-D26C-ADEA-B0D0-FBE9C5A0FE83}.Release|Any CPU.ActiveCfg = Release|Any CPU
		{D342A2D7-D26C-ADEA-B0D0-FBE9C5A0FE83}.Release|Any CPU.Build.0 = Release|Any CPU
		{AC76C426-6E6A-5B94-5231-19BFD5DEB127}.Debug|Any CPU.ActiveCfg = Debug|Any CPU
		{AC76C426-6E6A-5B94-5231-19BFD5DEB127}.Debug|Any CPU.Build.0 = Debug|Any CPU
		{AC76C426-6E6A-5B94-5231-19BFD5DEB127}.Release|Any CPU.ActiveCfg = Release|Any CPU
		{AC76C426-6E6A-5B94-5231-19BFD5DEB127}.Release|Any CPU.Build.0 = Release|Any CPU
		{759C4B3F-A0EC-3B2E-D4EC-05A9340858DF}.Debug|Any CPU.ActiveCfg = Debug|Any CPU
		{759C4B3F-A0EC-3B2E-D4EC-05A9340858DF}.Debug|Any CPU.Build.0 = Debug|Any CPU
		{759C4B3F-A0EC-3B2E-D4EC-05A9340858DF}.Release|Any CPU.ActiveCfg = Release|Any CPU
		{759C4B3F-A0EC-3B2E-D4EC-05A9340858DF}.Release|Any CPU.Build.0 = Release|Any CPU
		{68AEF5E0-DC9B-26A7-DC12-F27EF18E0373}.Debug|Any CPU.ActiveCfg = Debug|Any CPU
		{68AEF5E0-DC9B-26A7-DC12-F27EF18E0373}.Debug|Any CPU.Build.0 = Debug|Any CPU
		{68AEF5E0-DC9B-26A7-DC12-F27EF18E0373}.Release|Any CPU.ActiveCfg = Release|Any CPU
		{68AEF5E0-DC9B-26A7-DC12-F27EF18E0373}.Release|Any CPU.Build.0 = Release|Any CPU
		{5149A009-D22C-6BCD-0058-2A0814469438}.Debug|Any CPU.ActiveCfg = Debug|Any CPU
		{5149A009-D22C-6BCD-0058-2A0814469438}.Debug|Any CPU.Build.0 = Debug|Any CPU
		{5149A009-D22C-6BCD-0058-2A0814469438}.Release|Any CPU.ActiveCfg = Release|Any CPU
		{5149A009-D22C-6BCD-0058-2A0814469438}.Release|Any CPU.Build.0 = Release|Any CPU
		{81DDED9D-158B-E303-5F62-77A2896D2A5A}.Debug|Any CPU.ActiveCfg = Debug|Any CPU
		{81DDED9D-158B-E303-5F62-77A2896D2A5A}.Debug|Any CPU.Build.0 = Debug|Any CPU
		{81DDED9D-158B-E303-5F62-77A2896D2A5A}.Release|Any CPU.ActiveCfg = Release|Any CPU
		{81DDED9D-158B-E303-5F62-77A2896D2A5A}.Release|Any CPU.Build.0 = Release|Any CPU
	EndGlobalSection
	GlobalSection(SolutionProperties) = preSolution
		HideSolutionNode = FALSE
	EndGlobalSection
	GlobalSection(NestedProjects) = preSolution
		{07666797-710B-3A02-7A59-82D300DE40E7} = {02EA681E-C7D8-13C7-8484-4AC65E1B71E8}
		{6E7E435F-1589-DC76-9E72-AAA8CDEA1B17} = {7D72F2FD-499F-49E1-A90A-B33881D4FAE6}
		{67706C9A-45CC-5198-CBFB-71422F1E020F} = {FFDBC321-4B85-4581-B353-78367C1EE7E2}
		{1A3F44AE-B957-46DD-82B7-05B5682F1B8E} = {C6CB9E0E-6319-412C-8FF7-BE8AE286E4C1}
		{EB009832-62BA-A2C4-70C3-76D558ECEA67} = {1A3F44AE-B957-46DD-82B7-05B5682F1B8E}
		{DBCB5F93-56F8-482A-A782-FEC89459E1E1} = {C6CB9E0E-6319-412C-8FF7-BE8AE286E4C1}
		{33FC5A32-CDDC-EE43-9CA6-483EA2BFBE99} = {DBCB5F93-56F8-482A-A782-FEC89459E1E1}
		{66CA4931-9640-4570-AADE-8FFEDDEC1D78} = {C6CB9E0E-6319-412C-8FF7-BE8AE286E4C1}
		{D342A2D7-D26C-ADEA-B0D0-FBE9C5A0FE83} = {66CA4931-9640-4570-AADE-8FFEDDEC1D78}
		{A45CABD7-54C5-4603-9CA7-880E432619D4} = {C6CB9E0E-6319-412C-8FF7-BE8AE286E4C1}
		{AC76C426-6E6A-5B94-5231-19BFD5DEB127} = {A45CABD7-54C5-4603-9CA7-880E432619D4}
		{CF90DCF7-7821-45D0-8B46-9986B060596E} = {C6CB9E0E-6319-412C-8FF7-BE8AE286E4C1}
		{759C4B3F-A0EC-3B2E-D4EC-05A9340858DF} = {CF90DCF7-7821-45D0-8B46-9986B060596E}
		{93910DAE-9B73-43FF-AF79-A0D3BD0537FD} = {C6CB9E0E-6319-412C-8FF7-BE8AE286E4C1}
		{68AEF5E0-DC9B-26A7-DC12-F27EF18E0373} = {93910DAE-9B73-43FF-AF79-A0D3BD0537FD}
		{47F36451-D51D-4440-BA8F-23AD21325CA3} = {C6CB9E0E-6319-412C-8FF7-BE8AE286E4C1}
		{5149A009-D22C-6BCD-0058-2A0814469438} = {47F36451-D51D-4440-BA8F-23AD21325CA3}
	EndGlobalSection
	GlobalSection(ExtensibilityGlobals) = postSolution
		SolutionGuid = {600E1676-E943-4082-8FF5-D3C706FB71A2}
	EndGlobalSection
EndGlobal
