
Microsoft Visual Studio Solution File, Format Version 12.00
# Visual Studio Version 17
VisualStudioVersion = 17.13.35931.197
MinimumVisualStudioVersion = 10.0.40219.1
Project("{2150E333-8FDC-42A3-9474-1A3956D46DE8}") = "GLORIA.ApiGateways", "GLORIA.ApiGateways", "{02EA681E-C7D8-13C7-8484-4AC65E1B71E8}"
EndProject
Project("{FAE04EC0-301F-11D3-BF4B-00C04F79EFBC}") = "GLORIA.YarpApiGatewayDesktop", "GLORIA.ApiGateways\GLORIA.YarpApiGatewayDesktop\GLORIA.YarpApiGatewayDesktop.csproj", "{96BE86C0-8441-A1B2-E38D-A104C126D752}"
EndProject
Project("{2150E333-8FDC-42A3-9474-1A3956D46DE8}") = "GLORIA.BuildingBlocks", "GLORIA.BuildingBlocks", "{D5694278-A8B8-4D6D-B0B5-F4A2254771B5}"
EndProject
Project("{FAE04EC0-301F-11D3-BF4B-00C04F79EFBC}") = "GLORIA.BuildingBlocks", "GLORIA.BuildingBlocks\GLORIA.BuildingBlocks\GLORIA.BuildingBlocks.csproj", "{65C1ACF2-0F7B-833B-B4AB-00A658AA191F}"
EndProject
Project("{2150E333-8FDC-42A3-9474-1A3956D46DE8}") = "GLORIA.Contracts", "GLORIA.Contracts", "{4DB2AA21-A2DB-4C6C-B99D-F0D6B16C8C07}"
EndProject
Project("{FAE04EC0-301F-11D3-BF4B-00C04F79EFBC}") = "GLORIA.Contracts", "GLORIA.Contracts\GLORIA.Contracts\GLORIA.Contracts.csproj", "{009A5D03-9FA1-F150-2B4C-02B8DF2DED09}"
EndProject
Project("{2150E333-8FDC-42A3-9474-1A3956D46DE8}") = "GLORIA.Services", "GLORIA.Services", "{039565E1-D66B-4580-B11C-3F24D755591C}"
EndProject
Project("{2150E333-8FDC-42A3-9474-1A3956D46DE8}") = "GLORIA.Advert", "GLORIA.Advert", "{E1EF757E-3762-4F6B-9523-5C637272A469}"
EndProject
Project("{FAE04EC0-301F-11D3-BF4B-00C04F79EFBC}") = "GLORIA.Advert.API", "GLORIA.Services\GLORIA.Advert\GLORIA.Advert.API\GLORIA.Advert.API.csproj", "{19EC8023-725E-5C45-2498-09B022FA96E4}"
EndProject
Project("{2150E333-8FDC-42A3-9474-1A3956D46DE8}") = "GLORIA.Catalog", "GLORIA.Catalog", "{D99D20C7-CBD4-4B0E-93F9-A0E4029C79A5}"
EndProject
Project("{FAE04EC0-301F-11D3-BF4B-00C04F79EFBC}") = "GLORIA.Catalog.API", "GLORIA.Services\GLORIA.Catalog\GLORIA.Catalog.API\GLORIA.Catalog.API.csproj", "{FA720143-53E8-AE3E-6C53-D8F413425F39}"
EndProject
Project("{2150E333-8FDC-42A3-9474-1A3956D46DE8}") = "GLORIA.DocumentMetadata", "GLORIA.DocumentMetadata", "{E6A697BA-F735-457D-91C2-92F299E4FF52}"
EndProject
Project("{FAE04EC0-301F-11D3-BF4B-00C04F79EFBC}") = "GLORIA.DocumentMetadata.API", "GLORIA.Services\GLORIA.DocumentMetadata\GLORIA.DocumentMetadata.API\GLORIA.DocumentMetadata.API.csproj", "{0755CC49-8D7C-07B8-6F70-A4201C544CC0}"
EndProject
Project("{2150E333-8FDC-42A3-9474-1A3956D46DE8}") = "GLORIA.DocumentStorage", "GLORIA.DocumentStorage", "{1E89E701-0D9B-46D6-99F6-9D5557E5FAFD}"
EndProject
Project("{FAE04EC0-301F-11D3-BF4B-00C04F79EFBC}") = "GLORIA.DocumentStorage.API", "GLORIA.Services\GLORIA.DocumentStorage\GLORIA.DocumentStorage.API\GLORIA.DocumentStorage.API.csproj", "{AAB73594-F11A-ACDE-7012-8ED4B544C1C2}"
EndProject
Project("{2150E333-8FDC-42A3-9474-1A3956D46DE8}") = "GLORIA.IdentityProvider", "GLORIA.IdentityProvider", "{C7094AC4-1B29-4F93-8005-38F74E2D0AE3}"
EndProject
Project("{FAE04EC0-301F-11D3-BF4B-00C04F79EFBC}") = "GLORIA.IdentityProvider.API", "GLORIA.Services\GLORIA.IdentityProvider\GLORIA.IdentityProvider.API\GLORIA.IdentityProvider.API.csproj", "{14B15C83-5276-918B-821E-D2A20A715A69}"
EndProject
Project("{2150E333-8FDC-42A3-9474-1A3956D46DE8}") = "GLORIA.Notification", "GLORIA.Notification", "{BC6F63CB-AEED-4BF8-B732-D284261600CE}"
EndProject
Project("{FAE04EC0-301F-11D3-BF4B-00C04F79EFBC}") = "GLORIA.Notification.API", "GLORIA.Services\GLORIA.Notification\GLORIA.Notification.API\GLORIA.Notification.API.csproj", "{BEA7BAFC-E0F6-34EB-D06B-A64687A7AFCC}"
EndProject
Project("{2150E333-8FDC-42A3-9474-1A3956D46DE8}") = "GLORIA.Subscription", "GLORIA.Subscription", "{73EFEF64-82D9-4EC2-AF53-0E7D6D73849D}"
EndProject
Project("{FAE04EC0-301F-11D3-BF4B-00C04F79EFBC}") = "GLORIA.Subscription.API", "GLORIA.Services\GLORIA.Subscription\GLORIA.Subscription.API\GLORIA.Subscription.API.csproj", "{7BA8C4B0-C0D6-590F-6371-034FE0E28B23}"
EndProject
Project("{2150E333-8FDC-42A3-9474-1A3956D46DE8}") = "GLORIA.DevOps", "GLORIA.DevOps", "{4DE62F75-A189-4280-8732-D0A54769183E}"
EndProject
Project("{2150E333-8FDC-42A3-9474-1A3956D46DE8}") = "Docker", "Docker", "{95FBA0D4-CBCF-4547-8377-0C279880476E}"
EndProject
Project("{E53339B2-1760-4266-BCC7-CA923CBCF16C}") = "docker-compose", "GLORIA.DevOps\Docker\docker-compose.dcproj", "{81DDED9D-158B-E303-5F62-77A2896D2A5A}"
EndProject
Global
	GlobalSection(SolutionConfigurationPlatforms) = preSolution
		Debug|Any CPU = Debug|Any CPU
		Release|Any CPU = Release|Any CPU
	EndGlobalSection
	GlobalSection(ProjectConfigurationPlatforms) = postSolution
		{96BE86C0-8441-A1B2-E38D-A104C126D752}.Debug|Any CPU.ActiveCfg = Debug|Any CPU
		{96BE86C0-8441-A1B2-E38D-A104C126D752}.Debug|Any CPU.Build.0 = Debug|Any CPU
		{96BE86C0-8441-A1B2-E38D-A104C126D752}.Release|Any CPU.ActiveCfg = Release|Any CPU
		{96BE86C0-8441-A1B2-E38D-A104C126D752}.Release|Any CPU.Build.0 = Release|Any CPU
		{65C1ACF2-0F7B-833B-B4AB-00A658AA191F}.Debug|Any CPU.ActiveCfg = Debug|Any CPU
		{65C1ACF2-0F7B-833B-B4AB-00A658AA191F}.Debug|Any CPU.Build.0 = Debug|Any CPU
		{65C1ACF2-0F7B-833B-B4AB-00A658AA191F}.Release|Any CPU.ActiveCfg = Release|Any CPU
		{65C1ACF2-0F7B-833B-B4AB-00A658AA191F}.Release|Any CPU.Build.0 = Release|Any CPU
		{009A5D03-9FA1-F150-2B4C-02B8DF2DED09}.Debug|Any CPU.ActiveCfg = Debug|Any CPU
		{009A5D03-9FA1-F150-2B4C-02B8DF2DED09}.Debug|Any CPU.Build.0 = Debug|Any CPU
		{009A5D03-9FA1-F150-2B4C-02B8DF2DED09}.Release|Any CPU.ActiveCfg = Release|Any CPU
		{009A5D03-9FA1-F150-2B4C-02B8DF2DED09}.Release|Any CPU.Build.0 = Release|Any CPU
		{19EC8023-725E-5C45-2498-09B022FA96E4}.Debug|Any CPU.ActiveCfg = Debug|Any CPU
		{19EC8023-725E-5C45-2498-09B022FA96E4}.Debug|Any CPU.Build.0 = Debug|Any CPU
		{19EC8023-725E-5C45-2498-09B022FA96E4}.Release|Any CPU.ActiveCfg = Release|Any CPU
		{19EC8023-725E-5C45-2498-09B022FA96E4}.Release|Any CPU.Build.0 = Release|Any CPU
		{FA720143-53E8-AE3E-6C53-D8F413425F39}.Debug|Any CPU.ActiveCfg = Debug|Any CPU
		{FA720143-53E8-AE3E-6C53-D8F413425F39}.Debug|Any CPU.Build.0 = Debug|Any CPU
		{FA720143-53E8-AE3E-6C53-D8F413425F39}.Release|Any CPU.ActiveCfg = Release|Any CPU
		{FA720143-53E8-AE3E-6C53-D8F413425F39}.Release|Any CPU.Build.0 = Release|Any CPU
		{0755CC49-8D7C-07B8-6F70-A4201C544CC0}.Debug|Any CPU.ActiveCfg = Debug|Any CPU
		{0755CC49-8D7C-07B8-6F70-A4201C544CC0}.Debug|Any CPU.Build.0 = Debug|Any CPU
		{0755CC49-8D7C-07B8-6F70-A4201C544CC0}.Release|Any CPU.ActiveCfg = Release|Any CPU
		{0755CC49-8D7C-07B8-6F70-A4201C544CC0}.Release|Any CPU.Build.0 = Release|Any CPU
		{AAB73594-F11A-ACDE-7012-8ED4B544C1C2}.Debug|Any CPU.ActiveCfg = Debug|Any CPU
		{AAB73594-F11A-ACDE-7012-8ED4B544C1C2}.Debug|Any CPU.Build.0 = Debug|Any CPU
		{AAB73594-F11A-ACDE-7012-8ED4B544C1C2}.Release|Any CPU.ActiveCfg = Release|Any CPU
		{AAB73594-F11A-ACDE-7012-8ED4B544C1C2}.Release|Any CPU.Build.0 = Release|Any CPU
		{14B15C83-5276-918B-821E-D2A20A715A69}.Debug|Any CPU.ActiveCfg = Debug|Any CPU
		{14B15C83-5276-918B-821E-D2A20A715A69}.Debug|Any CPU.Build.0 = Debug|Any CPU
		{14B15C83-5276-918B-821E-D2A20A715A69}.Release|Any CPU.ActiveCfg = Release|Any CPU
		{14B15C83-5276-918B-821E-D2A20A715A69}.Release|Any CPU.Build.0 = Release|Any CPU
		{BEA7BAFC-E0F6-34EB-D06B-A64687A7AFCC}.Debug|Any CPU.ActiveCfg = Debug|Any CPU
		{BEA7BAFC-E0F6-34EB-D06B-A64687A7AFCC}.Debug|Any CPU.Build.0 = Debug|Any CPU
		{BEA7BAFC-E0F6-34EB-D06B-A64687A7AFCC}.Release|Any CPU.ActiveCfg = Release|Any CPU
		{BEA7BAFC-E0F6-34EB-D06B-A64687A7AFCC}.Release|Any CPU.Build.0 = Release|Any CPU
		{7BA8C4B0-C0D6-590F-6371-034FE0E28B23}.Debug|Any CPU.ActiveCfg = Debug|Any CPU
		{7BA8C4B0-C0D6-590F-6371-034FE0E28B23}.Debug|Any CPU.Build.0 = Debug|Any CPU
		{7BA8C4B0-C0D6-590F-6371-034FE0E28B23}.Release|Any CPU.ActiveCfg = Release|Any CPU
		{7BA8C4B0-C0D6-590F-6371-034FE0E28B23}.Release|Any CPU.Build.0 = Release|Any CPU
		{81DDED9D-158B-E303-5F62-77A2896D2A5A}.Debug|Any CPU.ActiveCfg = Debug|Any CPU
		{81DDED9D-158B-E303-5F62-77A2896D2A5A}.Debug|Any CPU.Build.0 = Debug|Any CPU
		{81DDED9D-158B-E303-5F62-77A2896D2A5A}.Release|Any CPU.ActiveCfg = Release|Any CPU
		{81DDED9D-158B-E303-5F62-77A2896D2A5A}.Release|Any CPU.Build.0 = Release|Any CPU
	EndGlobalSection
	GlobalSection(SolutionProperties) = preSolution
		HideSolutionNode = FALSE
	EndGlobalSection
	GlobalSection(NestedProjects) = preSolution
		{96BE86C0-8441-A1B2-E38D-A104C126D752} = {02EA681E-C7D8-13C7-8484-4AC65E1B71E8}
		{65C1ACF2-0F7B-833B-B4AB-00A658AA191F} = {D5694278-A8B8-4D6D-B0B5-F4A2254771B5}
		{009A5D03-9FA1-F150-2B4C-02B8DF2DED09} = {4DB2AA21-A2DB-4C6C-B99D-F0D6B16C8C07}
		{E1EF757E-3762-4F6B-9523-5C637272A469} = {039565E1-D66B-4580-B11C-3F24D755591C}
		{19EC8023-725E-5C45-2498-09B022FA96E4} = {E1EF757E-3762-4F6B-9523-5C637272A469}
		{D99D20C7-CBD4-4B0E-93F9-A0E4029C79A5} = {039565E1-D66B-4580-B11C-3F24D755591C}
		{FA720143-53E8-AE3E-6C53-D8F413425F39} = {D99D20C7-CBD4-4B0E-93F9-A0E4029C79A5}
		{E6A697BA-F735-457D-91C2-92F299E4FF52} = {039565E1-D66B-4580-B11C-3F24D755591C}
		{0755CC49-8D7C-07B8-6F70-A4201C544CC0} = {E6A697BA-F735-457D-91C2-92F299E4FF52}
		{1E89E701-0D9B-46D6-99F6-9D5557E5FAFD} = {039565E1-D66B-4580-B11C-3F24D755591C}
		{AAB73594-F11A-ACDE-7012-8ED4B544C1C2} = {1E89E701-0D9B-46D6-99F6-9D5557E5FAFD}
		{C7094AC4-1B29-4F93-8005-38F74E2D0AE3} = {039565E1-D66B-4580-B11C-3F24D755591C}
		{14B15C83-5276-918B-821E-D2A20A715A69} = {C7094AC4-1B29-4F93-8005-38F74E2D0AE3}
		{BC6F63CB-AEED-4BF8-B732-D284261600CE} = {039565E1-D66B-4580-B11C-3F24D755591C}
		{BEA7BAFC-E0F6-34EB-D06B-A64687A7AFCC} = {BC6F63CB-AEED-4BF8-B732-D284261600CE}
		{73EFEF64-82D9-4EC2-AF53-0E7D6D73849D} = {039565E1-D66B-4580-B11C-3F24D755591C}
		{7BA8C4B0-C0D6-590F-6371-034FE0E28B23} = {73EFEF64-82D9-4EC2-AF53-0E7D6D73849D}
		{95FBA0D4-CBCF-4547-8377-0C279880476E} = {4DE62F75-A189-4280-8732-D0A54769183E}
		{81DDED9D-158B-E303-5F62-77A2896D2A5A} = {95FBA0D4-CBCF-4547-8377-0C279880476E}
	EndGlobalSection
	GlobalSection(ExtensibilityGlobals) = postSolution
		SolutionGuid = {CD84847B-6229-422C-B116-34B41709B2CA}
	EndGlobalSection
EndGlobal
