
Microsoft Visual Studio Solution File, Format Version 12.00
# Visual Studio Version 17
VisualStudioVersion = 17.13.35931.197
MinimumVisualStudioVersion = 10.0.40219.1
Project("{2150E333-8FDC-42A3-9474-1A3956D46DE8}") = "backend", "backend", "{02EA681E-C7D8-13C7-8484-4AC65E1B71E8}"
EndProject
Project("{E53339B2-1760-4266-BCC7-CA923CBCF16C}") = "docker-compose", "docker-compose.dcproj", "{81DDED9D-158B-E303-5F62-77A2896D2A5A}"
EndProject
Project("{2150E333-8FDC-42A3-9474-1A3956D46DE8}") = "ApiGateways", "ApiGateways", "{230957C2-783C-4193-9A54-0116027D4285}"
EndProject
Project("{2150E333-8FDC-42A3-9474-1A3956D46DE8}") = "BuildingBlocks", "BuildingBlocks", "{7AB8E705-A6D7-45D5-9278-D6C31C5C75B9}"
EndProject
Project("{2150E333-8FDC-42A3-9474-1A3956D46DE8}") = "Contracts", "Contracts", "{C460EF69-6B38-44FA-A719-BBA41FB9E3DE}"
EndProject
Project("{FAE04EC0-301F-11D3-BF4B-00C04F79EFBC}") = "YarpApiGatewayDesktop", "backend\ApiGateways\YarpApiGatewayDesktop\YarpApiGatewayDesktop.csproj", "{8DB2496E-2FDF-76AC-CF64-41E959F8146F}"
EndProject
Project("{FAE04EC0-301F-11D3-BF4B-00C04F79EFBC}") = "BuildingBlocks", "backend\BuildingBlocks\BuildingBlocks\BuildingBlocks.csproj", "{599A6C52-ACAE-EA4A-915D-45EE049A5876}"
EndProject
Project("{FAE04EC0-301F-11D3-BF4B-00C04F79EFBC}") = "Contracts", "backend\Contracts\Contracts\Contracts.csproj", "{DD889328-7871-5438-B4E3-1BE64B01A687}"
EndProject
Project("{2150E333-8FDC-42A3-9474-1A3956D46DE8}") = "Services", "Services", "{31D9B8C4-A413-487F-A390-894F9CE3A890}"
EndProject
Project("{2150E333-8FDC-42A3-9474-1A3956D46DE8}") = "Advert", "Advert", "{EDAE5F8D-A602-4FE4-8DB0-8D011654D90E}"
EndProject
Project("{FAE04EC0-301F-11D3-BF4B-00C04F79EFBC}") = "Advert.API", "backend\Services\Advert\Advert.API\Advert.API.csproj", "{C71AC583-7397-5288-7290-27579475D65B}"
EndProject
Project("{2150E333-8FDC-42A3-9474-1A3956D46DE8}") = "Catalog", "Catalog", "{D7E5C710-ECB5-4BCB-9DDB-EFFD7369577A}"
EndProject
Project("{FAE04EC0-301F-11D3-BF4B-00C04F79EFBC}") = "Catalog.API", "backend\Services\Catalog\Catalog.API\Catalog.API.csproj", "{DC3007D5-F556-FE68-80BB-C8B7BB855543}"
EndProject
Project("{2150E333-8FDC-42A3-9474-1A3956D46DE8}") = "DocumentMetadata", "DocumentMetadata", "{52E0021B-D156-4E0B-8278-322EA32885F6}"
EndProject
Project("{FAE04EC0-301F-11D3-BF4B-00C04F79EFBC}") = "DocumentMetadata.API", "backend\Services\DocumentMetadata\DocumentMetadata.API\DocumentMetadata.API.csproj", "{8AAECE78-908C-5025-41A3-468020C35DC9}"
EndProject
Project("{2150E333-8FDC-42A3-9474-1A3956D46DE8}") = "DocumentStorage", "DocumentStorage", "{99547168-60B0-4407-BCB8-2F4A057EF518}"
EndProject
Project("{FAE04EC0-301F-11D3-BF4B-00C04F79EFBC}") = "DocumentStorage.API", "backend\Services\DocumentStorage\DocumentStorage.API\DocumentStorage.API.csproj", "{506D399F-54AF-40B3-BC3D-B11F4A8A7467}"
EndProject
Project("{2150E333-8FDC-42A3-9474-1A3956D46DE8}") = "IdentityProvider", "IdentityProvider", "{53CC2EC5-E005-4955-A2B2-D1ADCF7164B6}"
EndProject
Project("{FAE04EC0-301F-11D3-BF4B-00C04F79EFBC}") = "IdentityProvider.API", "backend\Services\IdentityProvider\IdentityProvider.API\IdentityProvider.API.csproj", "{D890715A-EAE2-0126-143C-55771177B2C8}"
EndProject
Project("{2150E333-8FDC-42A3-9474-1A3956D46DE8}") = "Notification", "Notification", "{9CFCABE3-64D1-499F-8559-EC07E686A8E3}"
EndProject
Project("{FAE04EC0-301F-11D3-BF4B-00C04F79EFBC}") = "Notification.API", "backend\Services\Notification\Notification.API\Notification.API.csproj", "{A35D37BA-53F6-1A77-A45F-7A9650280C88}"
EndProject
Project("{2150E333-8FDC-42A3-9474-1A3956D46DE8}") = "Subscription", "Subscription", "{4BE21D12-22FE-48FE-9019-CC8CA66C5871}"
EndProject
Project("{FAE04EC0-301F-11D3-BF4B-00C04F79EFBC}") = "Subscription.API", "backend\Services\Subscription\Subscription.API\Subscription.API.csproj", "{D5419E0D-82DB-01C8-8A1A-87284FDDA897}"
EndProject
Global
	GlobalSection(SolutionConfigurationPlatforms) = preSolution
		Debug|Any CPU = Debug|Any CPU
		Release|Any CPU = Release|Any CPU
	EndGlobalSection
	GlobalSection(ProjectConfigurationPlatforms) = postSolution
		{81DDED9D-158B-E303-5F62-77A2896D2A5A}.Debug|Any CPU.ActiveCfg = Debug|Any CPU
		{81DDED9D-158B-E303-5F62-77A2896D2A5A}.Debug|Any CPU.Build.0 = Debug|Any CPU
		{81DDED9D-158B-E303-5F62-77A2896D2A5A}.Release|Any CPU.ActiveCfg = Release|Any CPU
		{81DDED9D-158B-E303-5F62-77A2896D2A5A}.Release|Any CPU.Build.0 = Release|Any CPU
		{8DB2496E-2FDF-76AC-CF64-41E959F8146F}.Debug|Any CPU.ActiveCfg = Debug|Any CPU
		{8DB2496E-2FDF-76AC-CF64-41E959F8146F}.Debug|Any CPU.Build.0 = Debug|Any CPU
		{8DB2496E-2FDF-76AC-CF64-41E959F8146F}.Release|Any CPU.ActiveCfg = Release|Any CPU
		{8DB2496E-2FDF-76AC-CF64-41E959F8146F}.Release|Any CPU.Build.0 = Release|Any CPU
		{599A6C52-ACAE-EA4A-915D-45EE049A5876}.Debug|Any CPU.ActiveCfg = Debug|Any CPU
		{599A6C52-ACAE-EA4A-915D-45EE049A5876}.Debug|Any CPU.Build.0 = Debug|Any CPU
		{599A6C52-ACAE-EA4A-915D-45EE049A5876}.Release|Any CPU.ActiveCfg = Release|Any CPU
		{599A6C52-ACAE-EA4A-915D-45EE049A5876}.Release|Any CPU.Build.0 = Release|Any CPU
		{DD889328-7871-5438-B4E3-1BE64B01A687}.Debug|Any CPU.ActiveCfg = Debug|Any CPU
		{DD889328-7871-5438-B4E3-1BE64B01A687}.Debug|Any CPU.Build.0 = Debug|Any CPU
		{DD889328-7871-5438-B4E3-1BE64B01A687}.Release|Any CPU.ActiveCfg = Release|Any CPU
		{DD889328-7871-5438-B4E3-1BE64B01A687}.Release|Any CPU.Build.0 = Release|Any CPU
		{C71AC583-7397-5288-7290-27579475D65B}.Debug|Any CPU.ActiveCfg = Debug|Any CPU
		{C71AC583-7397-5288-7290-27579475D65B}.Debug|Any CPU.Build.0 = Debug|Any CPU
		{C71AC583-7397-5288-7290-27579475D65B}.Release|Any CPU.ActiveCfg = Release|Any CPU
		{C71AC583-7397-5288-7290-27579475D65B}.Release|Any CPU.Build.0 = Release|Any CPU
		{DC3007D5-F556-FE68-80BB-C8B7BB855543}.Debug|Any CPU.ActiveCfg = Debug|Any CPU
		{DC3007D5-F556-FE68-80BB-C8B7BB855543}.Debug|Any CPU.Build.0 = Debug|Any CPU
		{DC3007D5-F556-FE68-80BB-C8B7BB855543}.Release|Any CPU.ActiveCfg = Release|Any CPU
		{DC3007D5-F556-FE68-80BB-C8B7BB855543}.Release|Any CPU.Build.0 = Release|Any CPU
		{8AAECE78-908C-5025-41A3-468020C35DC9}.Debug|Any CPU.ActiveCfg = Debug|Any CPU
		{8AAECE78-908C-5025-41A3-468020C35DC9}.Debug|Any CPU.Build.0 = Debug|Any CPU
		{8AAECE78-908C-5025-41A3-468020C35DC9}.Release|Any CPU.ActiveCfg = Release|Any CPU
		{8AAECE78-908C-5025-41A3-468020C35DC9}.Release|Any CPU.Build.0 = Release|Any CPU
		{506D399F-54AF-40B3-BC3D-B11F4A8A7467}.Debug|Any CPU.ActiveCfg = Debug|Any CPU
		{506D399F-54AF-40B3-BC3D-B11F4A8A7467}.Debug|Any CPU.Build.0 = Debug|Any CPU
		{506D399F-54AF-40B3-BC3D-B11F4A8A7467}.Release|Any CPU.ActiveCfg = Release|Any CPU
		{506D399F-54AF-40B3-BC3D-B11F4A8A7467}.Release|Any CPU.Build.0 = Release|Any CPU
		{D890715A-EAE2-0126-143C-55771177B2C8}.Debug|Any CPU.ActiveCfg = Debug|Any CPU
		{D890715A-EAE2-0126-143C-55771177B2C8}.Debug|Any CPU.Build.0 = Debug|Any CPU
		{D890715A-EAE2-0126-143C-55771177B2C8}.Release|Any CPU.ActiveCfg = Release|Any CPU
		{D890715A-EAE2-0126-143C-55771177B2C8}.Release|Any CPU.Build.0 = Release|Any CPU
		{A35D37BA-53F6-1A77-A45F-7A9650280C88}.Debug|Any CPU.ActiveCfg = Debug|Any CPU
		{A35D37BA-53F6-1A77-A45F-7A9650280C88}.Debug|Any CPU.Build.0 = Debug|Any CPU
		{A35D37BA-53F6-1A77-A45F-7A9650280C88}.Release|Any CPU.ActiveCfg = Release|Any CPU
		{A35D37BA-53F6-1A77-A45F-7A9650280C88}.Release|Any CPU.Build.0 = Release|Any CPU
		{D5419E0D-82DB-01C8-8A1A-87284FDDA897}.Debug|Any CPU.ActiveCfg = Debug|Any CPU
		{D5419E0D-82DB-01C8-8A1A-87284FDDA897}.Debug|Any CPU.Build.0 = Debug|Any CPU
		{D5419E0D-82DB-01C8-8A1A-87284FDDA897}.Release|Any CPU.ActiveCfg = Release|Any CPU
		{D5419E0D-82DB-01C8-8A1A-87284FDDA897}.Release|Any CPU.Build.0 = Release|Any CPU
	EndGlobalSection
	GlobalSection(SolutionProperties) = preSolution
		HideSolutionNode = FALSE
	EndGlobalSection
	GlobalSection(NestedProjects) = preSolution
		{230957C2-783C-4193-9A54-0116027D4285} = {02EA681E-C7D8-13C7-8484-4AC65E1B71E8}
		{7AB8E705-A6D7-45D5-9278-D6C31C5C75B9} = {02EA681E-C7D8-13C7-8484-4AC65E1B71E8}
		{C460EF69-6B38-44FA-A719-BBA41FB9E3DE} = {02EA681E-C7D8-13C7-8484-4AC65E1B71E8}
		{8DB2496E-2FDF-76AC-CF64-41E959F8146F} = {230957C2-783C-4193-9A54-0116027D4285}
		{599A6C52-ACAE-EA4A-915D-45EE049A5876} = {7AB8E705-A6D7-45D5-9278-D6C31C5C75B9}
		{DD889328-7871-5438-B4E3-1BE64B01A687} = {C460EF69-6B38-44FA-A719-BBA41FB9E3DE}
		{31D9B8C4-A413-487F-A390-894F9CE3A890} = {02EA681E-C7D8-13C7-8484-4AC65E1B71E8}
		{EDAE5F8D-A602-4FE4-8DB0-8D011654D90E} = {31D9B8C4-A413-487F-A390-894F9CE3A890}
		{C71AC583-7397-5288-7290-27579475D65B} = {EDAE5F8D-A602-4FE4-8DB0-8D011654D90E}
		{D7E5C710-ECB5-4BCB-9DDB-EFFD7369577A} = {31D9B8C4-A413-487F-A390-894F9CE3A890}
		{DC3007D5-F556-FE68-80BB-C8B7BB855543} = {D7E5C710-ECB5-4BCB-9DDB-EFFD7369577A}
		{52E0021B-D156-4E0B-8278-322EA32885F6} = {31D9B8C4-A413-487F-A390-894F9CE3A890}
		{8AAECE78-908C-5025-41A3-468020C35DC9} = {52E0021B-D156-4E0B-8278-322EA32885F6}
		{99547168-60B0-4407-BCB8-2F4A057EF518} = {31D9B8C4-A413-487F-A390-894F9CE3A890}
		{506D399F-54AF-40B3-BC3D-B11F4A8A7467} = {99547168-60B0-4407-BCB8-2F4A057EF518}
		{53CC2EC5-E005-4955-A2B2-D1ADCF7164B6} = {31D9B8C4-A413-487F-A390-894F9CE3A890}
		{D890715A-EAE2-0126-143C-55771177B2C8} = {53CC2EC5-E005-4955-A2B2-D1ADCF7164B6}
		{9CFCABE3-64D1-499F-8559-EC07E686A8E3} = {31D9B8C4-A413-487F-A390-894F9CE3A890}
		{A35D37BA-53F6-1A77-A45F-7A9650280C88} = {9CFCABE3-64D1-499F-8559-EC07E686A8E3}
		{4BE21D12-22FE-48FE-9019-CC8CA66C5871} = {31D9B8C4-A413-487F-A390-894F9CE3A890}
		{D5419E0D-82DB-01C8-8A1A-87284FDDA897} = {4BE21D12-22FE-48FE-9019-CC8CA66C5871}
	EndGlobalSection
	GlobalSection(ExtensibilityGlobals) = postSolution
		SolutionGuid = {19F0FC2E-4043-46A2-B15A-61C5E213EA22}
	EndGlobalSection
EndGlobal
