
Microsoft Visual Studio Solution File, Format Version 12.00
# Visual Studio Version 17
VisualStudioVersion = 17.13.35919.96
MinimumVisualStudioVersion = 10.0.40219.1
Project("{2150E333-8FDC-42A3-9474-1A3956D46DE8}") = "Services", "Services", "{02EA681E-C7D8-13C7-8484-4AC65E1B71E8}"
EndProject
Project("{2150E333-8FDC-42A3-9474-1A3956D46DE8}") = "Catalog", "Catalog", "{BAAF776B-DF49-46E8-8B9E-704477BE0E6F}"
EndProject
Project("{2150E333-8FDC-42A3-9474-1A3956D46DE8}") = "BuildingBlocks", "BuildingBlocks", "{BA03B4C3-6B05-4BDF-8EFE-D026D9A56EFB}"
EndProject
Project("{2150E333-8FDC-42A3-9474-1A3956D46DE8}") = "IdentityProvider", "IdentityProvider", "{9A4DC1C0-6207-43F4-802E-DAB23AD36B84}"
EndProject
Project("{FAE04EC0-301F-11D3-BF4B-00C04F79EFBC}") = "IdentityProvider.API", "Services\IdentityProvider\IdentityProvider.API\IdentityProvider.API.csproj", "{D2A3F48E-D21C-4B59-8D0D-2E4623683FE2}"
EndProject
Project("{E53339B2-1760-4266-BCC7-CA923CBCF16C}") = "docker-compose", "docker-compose.dcproj", "{81DDED9D-158B-E303-5F62-77A2896D2A5A}"
EndProject
Project("{FAE04EC0-301F-11D3-BF4B-00C04F79EFBC}") = "BuildingBlocks", "BuildingBlocks\BuildingBlocks\BuildingBlocks.csproj", "{41865314-809F-4770-8674-4BE7110093B2}"
EndProject
Project("{FAE04EC0-301F-11D3-BF4B-00C04F79EFBC}") = "Catalog.API", "Services\Catalog\Catalog.API\Catalog.API.csproj", "{CED4A49D-D39F-4DE8-8240-51A6459A5F83}"
EndProject
Project("{2150E333-8FDC-42A3-9474-1A3956D46DE8}") = "ApiGateways", "ApiGateways", "{A1CECC3F-DA6E-4744-B021-65D49D6FF825}"
EndProject
Project("{FAE04EC0-301F-11D3-BF4B-00C04F79EFBC}") = "YarpApiGatewayDesktop", "ApiGateways\YarpApiGatewayDesktop\YarpApiGatewayDesktop.csproj", "{054027C7-BA45-4044-B33E-E01EAE2CBB9F}"
EndProject
Project("{2150E333-8FDC-42A3-9474-1A3956D46DE8}") = "DocumentStorage", "DocumentStorage", "{B48459BB-34E5-44A5-8B1D-FB0B95306F31}"
EndProject
Project("{FAE04EC0-301F-11D3-BF4B-00C04F79EFBC}") = "DocumentStorage.API", "Services\DocumentStorage\DocumentStorage.API\DocumentStorage.API.csproj", "{7AF7AA93-1515-4954-9BE9-0672932901F7}"
EndProject
Project("{2150E333-8FDC-42A3-9474-1A3956D46DE8}") = "DocumentMetadata", "DocumentMetadata", "{3B57F449-6CC4-4F8C-A285-0A2ACE85C0B7}"
EndProject
Project("{FAE04EC0-301F-11D3-BF4B-00C04F79EFBC}") = "DocumentMetadata.API", "Services\DocumentMetadata\DocumentMetadata.API\DocumentMetadata.API.csproj", "{93734108-A810-4213-B455-72E6DF917B0A}"
EndProject
Project("{2150E333-8FDC-42A3-9474-1A3956D46DE8}") = "Offer", "Offer", "{3FE93BD5-B21E-4BAF-A199-EAD548790A99}"
EndProject
Project("{FAE04EC0-301F-11D3-BF4B-00C04F79EFBC}") = "Offer.API", "Services\Offer\Offer.API\Offer.API.csproj", "{DEB9150C-9BD9-4533-A4C8-E1FAC2FEB5E6}"
EndProject
Global
	GlobalSection(SolutionConfigurationPlatforms) = preSolution
		Debug|Any CPU = Debug|Any CPU
		Release|Any CPU = Release|Any CPU
	EndGlobalSection
	GlobalSection(ProjectConfigurationPlatforms) = postSolution
		{D2A3F48E-D21C-4B59-8D0D-2E4623683FE2}.Debug|Any CPU.ActiveCfg = Debug|Any CPU
		{D2A3F48E-D21C-4B59-8D0D-2E4623683FE2}.Debug|Any CPU.Build.0 = Debug|Any CPU
		{D2A3F48E-D21C-4B59-8D0D-2E4623683FE2}.Release|Any CPU.ActiveCfg = Release|Any CPU
		{D2A3F48E-D21C-4B59-8D0D-2E4623683FE2}.Release|Any CPU.Build.0 = Release|Any CPU
		{81DDED9D-158B-E303-5F62-77A2896D2A5A}.Debug|Any CPU.ActiveCfg = Debug|Any CPU
		{81DDED9D-158B-E303-5F62-77A2896D2A5A}.Debug|Any CPU.Build.0 = Debug|Any CPU
		{81DDED9D-158B-E303-5F62-77A2896D2A5A}.Release|Any CPU.ActiveCfg = Release|Any CPU
		{81DDED9D-158B-E303-5F62-77A2896D2A5A}.Release|Any CPU.Build.0 = Release|Any CPU
		{41865314-809F-4770-8674-4BE7110093B2}.Debug|Any CPU.ActiveCfg = Debug|Any CPU
		{41865314-809F-4770-8674-4BE7110093B2}.Debug|Any CPU.Build.0 = Debug|Any CPU
		{41865314-809F-4770-8674-4BE7110093B2}.Release|Any CPU.ActiveCfg = Release|Any CPU
		{41865314-809F-4770-8674-4BE7110093B2}.Release|Any CPU.Build.0 = Release|Any CPU
		{CED4A49D-D39F-4DE8-8240-51A6459A5F83}.Debug|Any CPU.ActiveCfg = Debug|Any CPU
		{CED4A49D-D39F-4DE8-8240-51A6459A5F83}.Debug|Any CPU.Build.0 = Debug|Any CPU
		{CED4A49D-D39F-4DE8-8240-51A6459A5F83}.Release|Any CPU.ActiveCfg = Release|Any CPU
		{CED4A49D-D39F-4DE8-8240-51A6459A5F83}.Release|Any CPU.Build.0 = Release|Any CPU
		{054027C7-BA45-4044-B33E-E01EAE2CBB9F}.Debug|Any CPU.ActiveCfg = Debug|Any CPU
		{054027C7-BA45-4044-B33E-E01EAE2CBB9F}.Debug|Any CPU.Build.0 = Debug|Any CPU
		{054027C7-BA45-4044-B33E-E01EAE2CBB9F}.Release|Any CPU.ActiveCfg = Release|Any CPU
		{054027C7-BA45-4044-B33E-E01EAE2CBB9F}.Release|Any CPU.Build.0 = Release|Any CPU
		{7AF7AA93-1515-4954-9BE9-0672932901F7}.Debug|Any CPU.ActiveCfg = Debug|Any CPU
		{7AF7AA93-1515-4954-9BE9-0672932901F7}.Debug|Any CPU.Build.0 = Debug|Any CPU
		{7AF7AA93-1515-4954-9BE9-0672932901F7}.Release|Any CPU.ActiveCfg = Release|Any CPU
		{7AF7AA93-1515-4954-9BE9-0672932901F7}.Release|Any CPU.Build.0 = Release|Any CPU
		{93734108-A810-4213-B455-72E6DF917B0A}.Debug|Any CPU.ActiveCfg = Debug|Any CPU
		{93734108-A810-4213-B455-72E6DF917B0A}.Debug|Any CPU.Build.0 = Debug|Any CPU
		{93734108-A810-4213-B455-72E6DF917B0A}.Release|Any CPU.ActiveCfg = Release|Any CPU
		{93734108-A810-4213-B455-72E6DF917B0A}.Release|Any CPU.Build.0 = Release|Any CPU
		{DEB9150C-9BD9-4533-A4C8-E1FAC2FEB5E6}.Debug|Any CPU.ActiveCfg = Debug|Any CPU
		{DEB9150C-9BD9-4533-A4C8-E1FAC2FEB5E6}.Debug|Any CPU.Build.0 = Debug|Any CPU
		{DEB9150C-9BD9-4533-A4C8-E1FAC2FEB5E6}.Release|Any CPU.ActiveCfg = Release|Any CPU
		{DEB9150C-9BD9-4533-A4C8-E1FAC2FEB5E6}.Release|Any CPU.Build.0 = Release|Any CPU
	EndGlobalSection
	GlobalSection(SolutionProperties) = preSolution
		HideSolutionNode = FALSE
	EndGlobalSection
	GlobalSection(NestedProjects) = preSolution
		{BAAF776B-DF49-46E8-8B9E-704477BE0E6F} = {02EA681E-C7D8-13C7-8484-4AC65E1B71E8}
		{9A4DC1C0-6207-43F4-802E-DAB23AD36B84} = {02EA681E-C7D8-13C7-8484-4AC65E1B71E8}
		{D2A3F48E-D21C-4B59-8D0D-2E4623683FE2} = {9A4DC1C0-6207-43F4-802E-DAB23AD36B84}
		{41865314-809F-4770-8674-4BE7110093B2} = {BA03B4C3-6B05-4BDF-8EFE-D026D9A56EFB}
		{CED4A49D-D39F-4DE8-8240-51A6459A5F83} = {BAAF776B-DF49-46E8-8B9E-704477BE0E6F}
		{054027C7-BA45-4044-B33E-E01EAE2CBB9F} = {A1CECC3F-DA6E-4744-B021-65D49D6FF825}
		{B48459BB-34E5-44A5-8B1D-FB0B95306F31} = {02EA681E-C7D8-13C7-8484-4AC65E1B71E8}
		{7AF7AA93-1515-4954-9BE9-0672932901F7} = {B48459BB-34E5-44A5-8B1D-FB0B95306F31}
		{3B57F449-6CC4-4F8C-A285-0A2ACE85C0B7} = {02EA681E-C7D8-13C7-8484-4AC65E1B71E8}
		{93734108-A810-4213-B455-72E6DF917B0A} = {3B57F449-6CC4-4F8C-A285-0A2ACE85C0B7}
		{3FE93BD5-B21E-4BAF-A199-EAD548790A99} = {02EA681E-C7D8-13C7-8484-4AC65E1B71E8}
		{DEB9150C-9BD9-4533-A4C8-E1FAC2FEB5E6} = {3FE93BD5-B21E-4BAF-A199-EAD548790A99}
	EndGlobalSection
	GlobalSection(ExtensibilityGlobals) = postSolution
		SolutionGuid = {BADCDB3A-6704-4EBC-8CAE-23DE013785F2}
	EndGlobalSection
EndGlobal
